<?xml version="1.0" encoding="UTF-8" standalone="yes" ?>
<CodeBlocks_project_file>
	<FileVersion major="1" minor="6" />
	<Project>
		<Option title="PersonalBudgetApp" />
		<Option pch_mode="2" />
		<Option compiler="gcc" />
		<Build>
			<Target title="Debug">
				<Option output="bin/Debug/PersonalBudgetApp" prefix_auto="1" extension_auto="1" />
				<Option object_output="obj/Debug/" />
				<Option type="1" />
				<Option compiler="gcc" />
				<Compiler>
					<Add option="-g" />
					<Add directory="include" />
					<Add directory="../PersonalBudgetApp" />
				</Compiler>
			</Target>
			<Target title="Release">
				<Option output="bin/Release/PersonalBudgetApp" prefix_auto="1" extension_auto="1" />
				<Option object_output="obj/Release/" />
				<Option type="1" />
				<Option compiler="gcc" />
				<Compiler>
					<Add option="-O2" />
					<Add directory="include" />
					<Add directory="../PersonalBudgetApp" />
				</Compiler>
				<Linker>
					<Add option="-s" />
				</Linker>
			</Target>
		</Build>
		<Compiler>
			<Add option="-Wall" />
			<Add option="-fexceptions" />
		</Compiler>
		<Unit filename="AuxiliaryMethods.cpp" />
		<Unit filename="AuxiliaryMethods.h" />
		<Unit filename="Markup.cpp" />
		<Unit filename="Markup.h" />
		<Unit filename="PersonalBudgetApp.cpp" />
		<Unit filename="PersonalBudgetApp.h" />
		<Unit filename="TextFile.cpp" />
		<Unit filename="TextFile.h" />
		<Unit filename="Transaction.h" />
		<Unit filename="TransactionFile.cpp" />
		<Unit filename="TransactionFile.h" />
		<Unit filename="User.h" />
		<Unit filename="UserManager.cpp" />
		<Unit filename="UserManager.h" />
		<Unit filename="UsersFile.cpp" />
		<Unit filename="UsersFile.h" />
		<Unit filename="main.cpp" />
		<Extensions>
			<lib_finder disable_auto="1" />
		</Extensions>
	</Project>
</CodeBlocks_project_file>
